<?xml version="1.0" encoding="utf-8"?>
<Project ToolsVersion="4.0" xmlns="http://schemas.microsoft.com/developer/msbuild/2003">
  <ItemGroup>
    <Filter Include="Platform">
      <UniqueIdentifier>{2AC788B4-1694-E3BF-3FAD-D1672BD9184E}</UniqueIdentifier>
    </Filter>
    <Filter Include="Platform\Windows">
      <UniqueIdentifier>{64FBD71A-50F4-F66C-7926-DCF1657ED678}</UniqueIdentifier>
    </Filter>
    <Filter Include="Viper">
      <UniqueIdentifier>{2BB94E0E-97CD-76BF-604F-1A1FCC2273F0}</UniqueIdentifier>
    </Filter>
    <Filter Include="Viper\Events">
      <UniqueIdentifier>{AF06E937-9B69-78DC-44EF-B0923031445F}</UniqueIdentifier>
    </Filter>
  </ItemGroup>
  <ItemGroup>
    <ClInclude Include="src\Platform\Windows\WindowsWindow.h">
      <Filter>Platform\Windows</Filter>
    </ClInclude>
    <ClInclude Include="src\Viper.h" />
    <ClInclude Include="src\Viper\Application.h">
      <Filter>Viper</Filter>
    </ClInclude>
    <ClInclude Include="src\Viper\Core.h">
      <Filter>Viper</Filter>
    </ClInclude>
    <ClInclude Include="src\Viper\EntryPoint.h">
      <Filter>Viper</Filter>
    </ClInclude>
    <ClInclude Include="src\Viper\Events\ApplicationEvent.h">
      <Filter>Viper\Events</Filter>
    </ClInclude>
    <ClInclude Include="src\Viper\Events\Event.h">
      <Filter>Viper\Events</Filter>
    </ClInclude>
    <ClInclude Include="src\Viper\Events\KeyEvent.h">
      <Filter>Viper\Events</Filter>
    </ClInclude>
    <ClInclude Include="src\Viper\Events\MouseEvent.h">
      <Filter>Viper\Events</Filter>
    </ClInclude>
    <ClInclude Include="src\Viper\Layer.h">
      <Filter>Viper</Filter>
    </ClInclude>
    <ClInclude Include="src\Viper\LayerStack.h">
      <Filter>Viper</Filter>
    </ClInclude>
    <ClInclude Include="src\Viper\Log.h">
      <Filter>Viper</Filter>
    </ClInclude>
    <ClInclude Include="src\Viper\Window.h">
      <Filter>Viper</Filter>
    </ClInclude>
    <ClInclude Include="src\vppch.h" />
  </ItemGroup>
  <ItemGroup>
    <ClCompile Include="src\Platform\Windows\WindowsWindow.cpp">
      <Filter>Platform\Windows</Filter>
    </ClCompile>
    <ClCompile Include="src\Viper\Application.cpp">
      <Filter>Viper</Filter>
    </ClCompile>
    <ClCompile Include="src\Viper\Layer.cpp">
      <Filter>Viper</Filter>
    </ClCompile>
    <ClCompile Include="src\Viper\LayerStack.cpp">
      <Filter>Viper</Filter>
    </ClCompile>
    <ClCompile Include="src\Viper\Log.cpp">
      <Filter>Viper</Filter>
    </ClCompile>
    <ClCompile Include="src\vppch.cpp" />
  </ItemGroup>
</Project>